
Microsoft Visual Studio Solution File, Format Version 12.00
# Visual Studio 15
VisualStudioVersion = 15.0.26430.16
MinimumVisualStudioVersion = 10.0.40219.1
Project("{9A19103F-16F7-4668-BE54-9A1E7A4F7556}") = "videoMenuBLL", "videoMenuBLL\videoMenuBLL.csproj", "{94443687-0F1B-418A-AF68-53DE5910DD35}"
EndProject
Project("{9A19103F-16F7-4668-BE54-9A1E7A4F7556}") = "videoMenuDAL", "videoMenuDAL\videoMenuDAL.csproj", "{9FDA5D56-3FDB-4F61-89E8-B1C8FFFFC015}"
EndProject
Project("{9A19103F-16F7-4668-BE54-9A1E7A4F7556}") = "videoMenuEntity", "videoMenuEntity\videoMenuEntity.csproj", "{BBADFF5C-7BFA-4074-969B-B71EB5AA9C19}"
EndProject
Project("{9A19103F-16F7-4668-BE54-9A1E7A4F7556}") = "AVideoMenuUI", "AVideoMenuUI\AVideoMenuUI.csproj", "{BCA56CE4-25D9-4F5B-9518-E290E87F3AA9}"
EndProject
Global
	GlobalSection(SolutionConfigurationPlatforms) = preSolution
		Debug|Any CPU = Debug|Any CPU
		Release|Any CPU = Release|Any CPU
	EndGlobalSection
	GlobalSection(ProjectConfigurationPlatforms) = postSolution
		{94443687-0F1B-418A-AF68-53DE5910DD35}.Debug|Any CPU.ActiveCfg = Debug|Any CPU
		{94443687-0F1B-418A-AF68-53DE5910DD35}.Debug|Any CPU.Build.0 = Debug|Any CPU
		{94443687-0F1B-418A-AF68-53DE5910DD35}.Release|Any CPU.ActiveCfg = Release|Any CPU
		{94443687-0F1B-418A-AF68-53DE5910DD35}.Release|Any CPU.Build.0 = Release|Any CPU
		{9FDA5D56-3FDB-4F61-89E8-B1C8FFFFC015}.Debug|Any CPU.ActiveCfg = Debug|Any CPU
		{9FDA5D56-3FDB-4F61-89E8-B1C8FFFFC015}.Debug|Any CPU.Build.0 = Debug|Any CPU
		{9FDA5D56-3FDB-4F61-89E8-B1C8FFFFC015}.Release|Any CPU.ActiveCfg = Release|Any CPU
		{9FDA5D56-3FDB-4F61-89E8-B1C8FFFFC015}.Release|Any CPU.Build.0 = Release|Any CPU
		{BBADFF5C-7BFA-4074-969B-B71EB5AA9C19}.Debug|Any CPU.ActiveCfg = Debug|Any CPU
		{BBADFF5C-7BFA-4074-969B-B71EB5AA9C19}.Debug|Any CPU.Build.0 = Debug|Any CPU
		{BBADFF5C-7BFA-4074-969B-B71EB5AA9C19}.Release|Any CPU.ActiveCfg = Release|Any CPU
		{BBADFF5C-7BFA-4074-969B-B71EB5AA9C19}.Release|Any CPU.Build.0 = Release|Any CPU
		{BCA56CE4-25D9-4F5B-9518-E290E87F3AA9}.Debug|Any CPU.ActiveCfg = Debug|Any CPU
		{BCA56CE4-25D9-4F5B-9518-E290E87F3AA9}.Debug|Any CPU.Build.0 = Debug|Any CPU
		{BCA56CE4-25D9-4F5B-9518-E290E87F3AA9}.Release|Any CPU.ActiveCfg = Release|Any CPU
		{BCA56CE4-25D9-4F5B-9518-E290E87F3AA9}.Release|Any CPU.Build.0 = Release|Any CPU
	EndGlobalSection
	GlobalSection(SolutionProperties) = preSolution
		HideSolutionNode = FALSE
	EndGlobalSection
EndGlobal
